// !$*UTF8*$!
{
	archiveVersion = 1;
	classes = {
	};
	objectVersion = 50;
	objects = {

/* Begin PBXBuildFile section */
		253D1D5D21C73BFC00C754D5 /* AppDelegate.swift in Sources */ = {isa = PBXBuildFile; fileRef = 253D1D5C21C73BFC00C754D5 /* AppDelegate.swift */; };
		253D1D5F21C73BFC00C754D5 /* ViewController.swift in Sources */ = {isa = PBXBuildFile; fileRef = 253D1D5E21C73BFC00C754D5 /* ViewController.swift */; };
		253D1D6221C73BFC00C754D5 /* Main.storyboard in Resources */ = {isa = PBXBuildFile; fileRef = 253D1D6021C73BFC00C754D5 /* Main.storyboard */; };
		253D1D6421C73BFD00C754D5 /* Assets.xcassets in Resources */ = {isa = PBXBuildFile; fileRef = 253D1D6321C73BFD00C754D5 /* Assets.xcassets */; };
		253D1D6721C73BFD00C754D5 /* LaunchScreen.storyboard in Resources */ = {isa = PBXBuildFile; fileRef = 253D1D6521C73BFD00C754D5 /* LaunchScreen.storyboard */; };
		253D1D7021C73C1F00C754D5 /* HomeViewController.storyboard in Resources */ = {isa = PBXBuildFile; fileRef = 253D1D6F21C73C1F00C754D5 /* HomeViewController.storyboard */; };
		253D1D7221C73C3100C754D5 /* HomeViewController.swift in Sources */ = {isa = PBXBuildFile; fileRef = 253D1D7121C73C3100C754D5 /* HomeViewController.swift */; };
		253D1D7521C73E9E00C754D5 /* RecorderView.xib in Resources */ = {isa = PBXBuildFile; fileRef = 253D1D7421C73E9E00C754D5 /* RecorderView.xib */; };
		253D1D7721C73EB500C754D5 /* RecorderView.swift in Sources */ = {isa = PBXBuildFile; fileRef = 253D1D7621C73EB500C754D5 /* RecorderView.swift */; };
		253D1D7C21C7458400C754D5 /* UIViewController+Extension.swift in Sources */ = {isa = PBXBuildFile; fileRef = 253D1D7B21C7458400C754D5 /* UIViewController+Extension.swift */; };
		253D1D7E21C745C500C754D5 /* NSObject+Extension.swift in Sources */ = {isa = PBXBuildFile; fileRef = 253D1D7D21C745C500C754D5 /* NSObject+Extension.swift */; };
		253D1D8021C7460900C754D5 /* UIView+Extension.swift in Sources */ = {isa = PBXBuildFile; fileRef = 253D1D7F21C7460900C754D5 /* UIView+Extension.swift */; };
		253D1D8221C7463200C754D5 /* UIColor+Extension.swift in Sources */ = {isa = PBXBuildFile; fileRef = 253D1D8121C7463200C754D5 /* UIColor+Extension.swift */; };
		253D1D8421C7468700C754D5 /* Date+Extension.swift in Sources */ = {isa = PBXBuildFile; fileRef = 253D1D8321C7468700C754D5 /* Date+Extension.swift */; };
		253D1D8621C746A700C754D5 /* DateFormatter+Extension.swift in Sources */ = {isa = PBXBuildFile; fileRef = 253D1D8521C746A700C754D5 /* DateFormatter+Extension.swift */; };
		253D1D8821C74A7300C754D5 /* WebNavigationView.xib in Resources */ = {isa = PBXBuildFile; fileRef = 253D1D8721C74A7300C754D5 /* WebNavigationView.xib */; };
		253D1D8A21C74A8B00C754D5 /* WebNavigationView.swift in Sources */ = {isa = PBXBuildFile; fileRef = 253D1D8921C74A8B00C754D5 /* WebNavigationView.swift */; };
		253D1D9021C751A100C754D5 /* BrowserViewController.storyboard in Resources */ = {isa = PBXBuildFile; fileRef = 253D1D8F21C751A100C754D5 /* BrowserViewController.storyboard */; };
		253D1D9221C751B400C754D5 /* BrowserViewController.swift in Sources */ = {isa = PBXBuildFile; fileRef = 253D1D9121C751B400C754D5 /* BrowserViewController.swift */; };
		253D1D9421C75B8B00C754D5 /* Gradient+Extension.swift in Sources */ = {isa = PBXBuildFile; fileRef = 253D1D9321C75B8B00C754D5 /* Gradient+Extension.swift */; };
		253D1D9921C7890800C754D5 /* String+Extension.swift in Sources */ = {isa = PBXBuildFile; fileRef = 253D1D9821C7890800C754D5 /* String+Extension.swift */; };
		362C29CB2238EE3D00DA4C5F /* SettingTableViewController.swift in Sources */ = {isa = PBXBuildFile; fileRef = 362C29CA2238EE3D00DA4C5F /* SettingTableViewController.swift */; };
		362C29CD2238EFA200DA4C5F /* SettingTableViewController.storyboard in Resources */ = {isa = PBXBuildFile; fileRef = 362C29CC2238EFA200DA4C5F /* SettingTableViewController.storyboard */; };
		3650AB70223765F1001FA283 /* UITableView+Extension.swift in Sources */ = {isa = PBXBuildFile; fileRef = 3650AB6F223765F1001FA283 /* UITableView+Extension.swift */; };
		3650AB73223766E2001FA283 /* HomeTableViewCell.swift in Sources */ = {isa = PBXBuildFile; fileRef = 3650AB72223766E2001FA283 /* HomeTableViewCell.swift */; };
		3650AB752237B2EE001FA283 /* NavigationViewController.swift in Sources */ = {isa = PBXBuildFile; fileRef = 3650AB742237B2EE001FA283 /* NavigationViewController.swift */; };
/* End PBXBuildFile section */

/* Begin PBXFileReference section */
		253D1D5921C73BFC00C754D5 /* RecordScreen.app */ = {isa = PBXFileReference; explicitFileType = wrapper.application; includeInIndex = 0; path = RecordScreen.app; sourceTree = BUILT_PRODUCTS_DIR; };
		253D1D5C21C73BFC00C754D5 /* AppDelegate.swift */ = {isa = PBXFileReference; lastKnownFileType = sourcecode.swift; path = AppDelegate.swift; sourceTree = "<group>"; };
		253D1D5E21C73BFC00C754D5 /* ViewController.swift */ = {isa = PBXFileReference; lastKnownFileType = sourcecode.swift; path = ViewController.swift; sourceTree = "<group>"; };
		253D1D6121C73BFC00C754D5 /* Base */ = {isa = PBXFileReference; lastKnownFileType = file.storyboard; name = Base; path = Base.lproj/Main.storyboard; sourceTree = "<group>"; };
		253D1D6321C73BFD00C754D5 /* Assets.xcassets */ = {isa = PBXFileReference; lastKnownFileType = folder.assetcatalog; path = Assets.xcassets; sourceTree = "<group>"; };
		253D1D6621C73BFD00C754D5 /* Base */ = {isa = PBXFileReference; lastKnownFileType = file.storyboard; name = Base; path = Base.lproj/LaunchScreen.storyboard; sourceTree = "<group>"; };
		253D1D6821C73BFD00C754D5 /* Info.plist */ = {isa = PBXFileReference; lastKnownFileType = text.plist.xml; path = Info.plist; sourceTree = "<group>"; };
		253D1D6F21C73C1F00C754D5 /* HomeViewController.storyboard */ = {isa = PBXFileReference; lastKnownFileType = file.storyboard; path = HomeViewController.storyboard; sourceTree = "<group>"; };
		253D1D7121C73C3100C754D5 /* HomeViewController.swift */ = {isa = PBXFileReference; lastKnownFileType = sourcecode.swift; path = HomeViewController.swift; sourceTree = "<group>"; };
		253D1D7421C73E9E00C754D5 /* RecorderView.xib */ = {isa = PBXFileReference; lastKnownFileType = file.xib; path = RecorderView.xib; sourceTree = "<group>"; };
		253D1D7621C73EB500C754D5 /* RecorderView.swift */ = {isa = PBXFileReference; lastKnownFileType = sourcecode.swift; path = RecorderView.swift; sourceTree = "<group>"; };
		253D1D7B21C7458400C754D5 /* UIViewController+Extension.swift */ = {isa = PBXFileReference; lastKnownFileType = sourcecode.swift; path = "UIViewController+Extension.swift"; sourceTree = "<group>"; };
		253D1D7D21C745C500C754D5 /* NSObject+Extension.swift */ = {isa = PBXFileReference; lastKnownFileType = sourcecode.swift; path = "NSObject+Extension.swift"; sourceTree = "<group>"; };
		253D1D7F21C7460900C754D5 /* UIView+Extension.swift */ = {isa = PBXFileReference; lastKnownFileType = sourcecode.swift; path = "UIView+Extension.swift"; sourceTree = "<group>"; };
		253D1D8121C7463200C754D5 /* UIColor+Extension.swift */ = {isa = PBXFileReference; lastKnownFileType = sourcecode.swift; path = "UIColor+Extension.swift"; sourceTree = "<group>"; };
		253D1D8321C7468700C754D5 /* Date+Extension.swift */ = {isa = PBXFileReference; lastKnownFileType = sourcecode.swift; path = "Date+Extension.swift"; sourceTree = "<group>"; };
		253D1D8521C746A700C754D5 /* DateFormatter+Extension.swift */ = {isa = PBXFileReference; lastKnownFileType = sourcecode.swift; path = "DateFormatter+Extension.swift"; sourceTree = "<group>"; };
		253D1D8721C74A7300C754D5 /* WebNavigationView.xib */ = {isa = PBXFileReference; lastKnownFileType = file.xib; path = WebNavigationView.xib; sourceTree = "<group>"; };
		253D1D8921C74A8B00C754D5 /* WebNavigationView.swift */ = {isa = PBXFileReference; lastKnownFileType = sourcecode.swift; path = WebNavigationView.swift; sourceTree = "<group>"; };
		253D1D8F21C751A100C754D5 /* BrowserViewController.storyboard */ = {isa = PBXFileReference; lastKnownFileType = file.storyboard; path = BrowserViewController.storyboard; sourceTree = "<group>"; };
		253D1D9121C751B400C754D5 /* BrowserViewController.swift */ = {isa = PBXFileReference; lastKnownFileType = sourcecode.swift; path = BrowserViewController.swift; sourceTree = "<group>"; };
		253D1D9321C75B8B00C754D5 /* Gradient+Extension.swift */ = {isa = PBXFileReference; lastKnownFileType = sourcecode.swift; path = "Gradient+Extension.swift"; sourceTree = "<group>"; };
		253D1D9821C7890800C754D5 /* String+Extension.swift */ = {isa = PBXFileReference; lastKnownFileType = sourcecode.swift; path = "String+Extension.swift"; sourceTree = "<group>"; };
		362C29CA2238EE3D00DA4C5F /* SettingTableViewController.swift */ = {isa = PBXFileReference; lastKnownFileType = sourcecode.swift; path = SettingTableViewController.swift; sourceTree = "<group>"; };
		362C29CC2238EFA200DA4C5F /* SettingTableViewController.storyboard */ = {isa = PBXFileReference; lastKnownFileType = file.storyboard; path = SettingTableViewController.storyboard; sourceTree = "<group>"; };
		3650AB6F223765F1001FA283 /* UITableView+Extension.swift */ = {isa = PBXFileReference; lastKnownFileType = sourcecode.swift; path = "UITableView+Extension.swift"; sourceTree = "<group>"; };
		3650AB72223766E2001FA283 /* HomeTableViewCell.swift */ = {isa = PBXFileReference; lastKnownFileType = sourcecode.swift; path = HomeTableViewCell.swift; sourceTree = "<group>"; };
		3650AB742237B2EE001FA283 /* NavigationViewController.swift */ = {isa = PBXFileReference; lastKnownFileType = sourcecode.swift; path = NavigationViewController.swift; sourceTree = "<group>"; };
/* End PBXFileReference section */

/* Begin PBXFrameworksBuildPhase section */
		253D1D5621C73BFC00C754D5 /* Frameworks */ = {
			isa = PBXFrameworksBuildPhase;
			buildActionMask = 2147483647;
			files = (
			);
			runOnlyForDeploymentPostprocessing = 0;
		};
/* End PBXFrameworksBuildPhase section */

/* Begin PBXGroup section */
		253D1D5021C73BFC00C754D5 = {
			isa = PBXGroup;
			children = (
				253D1D5B21C73BFC00C754D5 /* RecordScreen */,
				253D1D5A21C73BFC00C754D5 /* Products */,
			);
			sourceTree = "<group>";
		};
		253D1D5A21C73BFC00C754D5 /* Products */ = {
			isa = PBXGroup;
			children = (
				253D1D5921C73BFC00C754D5 /* RecordScreen.app */,
			);
			name = Products;
			sourceTree = "<group>";
		};
		253D1D5B21C73BFC00C754D5 /* RecordScreen */ = {
			isa = PBXGroup;
			children = (
				253D1D7821C7444D00C754D5 /* Ultinities */,
				253D1D7321C73E6A00C754D5 /* View */,
				253D1D6E21C73C0200C754D5 /* ViewController */,
				253D1D5C21C73BFC00C754D5 /* AppDelegate.swift */,
				253D1D5E21C73BFC00C754D5 /* ViewController.swift */,
				253D1D6021C73BFC00C754D5 /* Main.storyboard */,
				253D1D6321C73BFD00C754D5 /* Assets.xcassets */,
				253D1D6521C73BFD00C754D5 /* LaunchScreen.storyboard */,
				253D1D6821C73BFD00C754D5 /* Info.plist */,
			);
			path = RecordScreen;
			sourceTree = "<group>";
		};
		253D1D6E21C73C0200C754D5 /* ViewController */ = {
			isa = PBXGroup;
			children = (
				253D1D9721C77EE000C754D5 /* Browser */,
				253D1D9621C77ED100C754D5 /* Setting */,
				253D1D9521C77EC100C754D5 /* Home */,
			);
			path = ViewController;
			sourceTree = "<group>";
		};
		253D1D7321C73E6A00C754D5 /* View */ = {
			isa = PBXGroup;
			children = (
				253D1D7421C73E9E00C754D5 /* RecorderView.xib */,
				253D1D7621C73EB500C754D5 /* RecorderView.swift */,
				253D1D8721C74A7300C754D5 /* WebNavigationView.xib */,
				253D1D8921C74A8B00C754D5 /* WebNavigationView.swift */,
			);
			path = View;
			sourceTree = "<group>";
		};
		253D1D7821C7444D00C754D5 /* Ultinities */ = {
			isa = PBXGroup;
			children = (
				253D1D7A21C7456800C754D5 /* Extensions */,
			);
			path = Ultinities;
			sourceTree = "<group>";
		};
		253D1D7A21C7456800C754D5 /* Extensions */ = {
			isa = PBXGroup;
			children = (
				253D1D7B21C7458400C754D5 /* UIViewController+Extension.swift */,
				253D1D7D21C745C500C754D5 /* NSObject+Extension.swift */,
				253D1D7F21C7460900C754D5 /* UIView+Extension.swift */,
				253D1D8121C7463200C754D5 /* UIColor+Extension.swift */,
				253D1D8321C7468700C754D5 /* Date+Extension.swift */,
				253D1D8521C746A700C754D5 /* DateFormatter+Extension.swift */,
				253D1D9321C75B8B00C754D5 /* Gradient+Extension.swift */,
				253D1D9821C7890800C754D5 /* String+Extension.swift */,
				3650AB6F223765F1001FA283 /* UITableView+Extension.swift */,
			);
			path = Extensions;
			sourceTree = "<group>";
		};
		253D1D9521C77EC100C754D5 /* Home */ = {
			isa = PBXGroup;
			children = (
				3650AB71223766BE001FA283 /* Cell */,
				253D1D6F21C73C1F00C754D5 /* HomeViewController.storyboard */,
				253D1D7121C73C3100C754D5 /* HomeViewController.swift */,
				3650AB742237B2EE001FA283 /* NavigationViewController.swift */,
			);
			path = Home;
			sourceTree = "<group>";
		};
		253D1D9621C77ED100C754D5 /* Setting */ = {
			isa = PBXGroup;
			children = (
				362C29CA2238EE3D00DA4C5F /* SettingTableViewController.swift */,
				362C29CC2238EFA200DA4C5F /* SettingTableViewController.storyboard */,
			);
			path = Setting;
			sourceTree = "<group>";
		};
		253D1D9721C77EE000C754D5 /* Browser */ = {
			isa = PBXGroup;
			children = (
				253D1D8F21C751A100C754D5 /* BrowserViewController.storyboard */,
				253D1D9121C751B400C754D5 /* BrowserViewController.swift */,
			);
			path = Browser;
			sourceTree = "<group>";
		};
		3650AB71223766BE001FA283 /* Cell */ = {
			isa = PBXGroup;
			children = (
				3650AB72223766E2001FA283 /* HomeTableViewCell.swift */,
			);
			path = Cell;
			sourceTree = "<group>";
		};
/* End PBXGroup section */

/* Begin PBXNativeTarget section */
		253D1D5821C73BFC00C754D5 /* RecordScreen */ = {
			isa = PBXNativeTarget;
			buildConfigurationList = 253D1D6B21C73BFD00C754D5 /* Build configuration list for PBXNativeTarget "RecordScreen" */;
			buildPhases = (
				253D1D5521C73BFC00C754D5 /* Sources */,
				253D1D5621C73BFC00C754D5 /* Frameworks */,
				253D1D5721C73BFC00C754D5 /* Resources */,
			);
			buildRules = (
			);
			dependencies = (
			);
			name = RecordScreen;
			productName = RecordScreen;
			productReference = 253D1D5921C73BFC00C754D5 /* RecordScreen.app */;
			productType = "com.apple.product-type.application";
		};
/* End PBXNativeTarget section */

/* Begin PBXProject section */
		253D1D5121C73BFC00C754D5 /* Project object */ = {
			isa = PBXProject;
			attributes = {
				LastSwiftUpdateCheck = 0940;
				LastUpgradeCheck = 0940;
				ORGANIZATIONNAME = LTT;
				TargetAttributes = {
					253D1D5821C73BFC00C754D5 = {
						CreatedOnToolsVersion = 9.4.1;
					};
				};
			};
			buildConfigurationList = 253D1D5421C73BFC00C754D5 /* Build configuration list for PBXProject "RecordScreen" */;
			compatibilityVersion = "Xcode 9.3";
			developmentRegion = en;
			hasScannedForEncodings = 0;
			knownRegions = (
				en,
				Base,
			);
			mainGroup = 253D1D5021C73BFC00C754D5;
			productRefGroup = 253D1D5A21C73BFC00C754D5 /* Products */;
			projectDirPath = "";
			projectRoot = "";
			targets = (
				253D1D5821C73BFC00C754D5 /* RecordScreen */,
			);
		};
/* End PBXProject section */

/* Begin PBXResourcesBuildPhase section */
		253D1D5721C73BFC00C754D5 /* Resources */ = {
			isa = PBXResourcesBuildPhase;
			buildActionMask = 2147483647;
			files = (
				253D1D7021C73C1F00C754D5 /* HomeViewController.storyboard in Resources */,
				362C29CD2238EFA200DA4C5F /* SettingTableViewController.storyboard in Resources */,
				253D1D6721C73BFD00C754D5 /* LaunchScreen.storyboard in Resources */,
				253D1D6421C73BFD00C754D5 /* Assets.xcassets in Resources */,
				253D1D9021C751A100C754D5 /* BrowserViewController.storyboard in Resources */,
				253D1D8821C74A7300C754D5 /* WebNavigationView.xib in Resources */,
				253D1D6221C73BFC00C754D5 /* Main.storyboard in Resources */,
				253D1D7521C73E9E00C754D5 /* RecorderView.xib in Resources */,
			);
			runOnlyForDeploymentPostprocessing = 0;
		};
/* End PBXResourcesBuildPhase section */

/* Begin PBXSourcesBuildPhase section */
		253D1D5521C73BFC00C754D5 /* Sources */ = {
			isa = PBXSourcesBuildPhase;
			buildActionMask = 2147483647;
			files = (
				253D1D5F21C73BFC00C754D5 /* ViewController.swift in Sources */,
				253D1D9421C75B8B00C754D5 /* Gradient+Extension.swift in Sources */,
				253D1D8021C7460900C754D5 /* UIView+Extension.swift in Sources */,
				253D1D8A21C74A8B00C754D5 /* WebNavigationView.swift in Sources */,
				253D1D5D21C73BFC00C754D5 /* AppDelegate.swift in Sources */,
				253D1D7721C73EB500C754D5 /* RecorderView.swift in Sources */,
				362C29CB2238EE3D00DA4C5F /* SettingTableViewController.swift in Sources */,
				253D1D7C21C7458400C754D5 /* UIViewController+Extension.swift in Sources */,
				253D1D7221C73C3100C754D5 /* HomeViewController.swift in Sources */,
				253D1D7E21C745C500C754D5 /* NSObject+Extension.swift in Sources */,
				253D1D9221C751B400C754D5 /* BrowserViewController.swift in Sources */,
				253D1D8221C7463200C754D5 /* UIColor+Extension.swift in Sources */,
				253D1D8621C746A700C754D5 /* DateFormatter+Extension.swift in Sources */,
				3650AB752237B2EE001FA283 /* NavigationViewController.swift in Sources */,
				253D1D8421C7468700C754D5 /* Date+Extension.swift in Sources */,
				253D1D9921C7890800C754D5 /* String+Extension.swift in Sources */,
				3650AB73223766E2001FA283 /* HomeTableViewCell.swift in Sources */,
				3650AB70223765F1001FA283 /* UITableView+Extension.swift in Sources */,
			);
			runOnlyForDeploymentPostprocessing = 0;
		};
/* End PBXSourcesBuildPhase section */

/* Begin PBXVariantGroup section */
		253D1D6021C73BFC00C754D5 /* Main.storyboard */ = {
			isa = PBXVariantGroup;
			children = (
				253D1D6121C73BFC00C754D5 /* Base */,
			);
			name = Main.storyboard;
			sourceTree = "<group>";
		};
		253D1D6521C73BFD00C754D5 /* LaunchScreen.storyboard */ = {
			isa = PBXVariantGroup;
			children = (
				253D1D6621C73BFD00C754D5 /* Base */,
			);
			name = LaunchScreen.storyboard;
			sourceTree = "<group>";
		};
/* End PBXVariantGroup section */

/* Begin XCBuildConfiguration section */
		253D1D6921C73BFD00C754D5 /* Debug */ = {
			isa = XCBuildConfiguration;
			buildSettings = {
				ALWAYS_SEARCH_USER_PATHS = NO;
				CLANG_ANALYZER_NONNULL = YES;
				CLANG_ANALYZER_NUMBER_OBJECT_CONVERSION = YES_AGGRESSIVE;
				CLANG_CXX_LANGUAGE_STANDARD = "gnu++14";
				CLANG_CXX_LIBRARY = "libc++";
				CLANG_ENABLE_MODULES = YES;
				CLANG_ENABLE_OBJC_ARC = YES;
				CLANG_ENABLE_OBJC_WEAK = YES;
				CLANG_WARN_BLOCK_CAPTURE_AUTORELEASING = YES;
				CLANG_WARN_BOOL_CONVERSION = YES;
				CLANG_WARN_COMMA = YES;
				CLANG_WARN_CONSTANT_CONVERSION = YES;
				CLANG_WARN_DEPRECATED_OBJC_IMPLEMENTATIONS = YES;
				CLANG_WARN_DIRECT_OBJC_ISA_USAGE = YES_ERROR;
				CLANG_WARN_DOCUMENTATION_COMMENTS = YES;
				CLANG_WARN_EMPTY_BODY = YES;
				CLANG_WARN_ENUM_CONVERSION = YES;
				CLANG_WARN_INFINITE_RECURSION = YES;
				CLANG_WARN_INT_CONVERSION = YES;
				CLANG_WARN_NON_LITERAL_NULL_CONVERSION = YES;
				CLANG_WARN_OBJC_IMPLICIT_RETAIN_SELF = YES;
				CLANG_WARN_OBJC_LITERAL_CONVERSION = YES;
				CLANG_WARN_OBJC_ROOT_CLASS = YES_ERROR;
				CLANG_WARN_RANGE_LOOP_ANALYSIS = YES;
				CLANG_WARN_STRICT_PROTOTYPES = YES;
				CLANG_WARN_SUSPICIOUS_MOVE = YES;
				CLANG_WARN_UNGUARDED_AVAILABILITY = YES_AGGRESSIVE;
				CLANG_WARN_UNREACHABLE_CODE = YES;
				CLANG_WARN__DUPLICATE_METHOD_MATCH = YES;
				CODE_SIGN_IDENTITY = "iPhone Developer";
				COPY_PHASE_STRIP = NO;
				DEBUG_INFORMATION_FORMAT = dwarf;
				ENABLE_STRICT_OBJC_MSGSEND = YES;
				ENABLE_TESTABILITY = YES;
				GCC_C_LANGUAGE_STANDARD = gnu11;
				GCC_DYNAMIC_NO_PIC = NO;
				GCC_NO_COMMON_BLOCKS = YES;
				GCC_OPTIMIZATION_LEVEL = 0;
				GCC_PREPROCESSOR_DEFINITIONS = (
					"DEBUG=1",
					"$(inherited)",
				);
				GCC_WARN_64_TO_32_BIT_CONVERSION = YES;
				GCC_WARN_ABOUT_RETURN_TYPE = YES_ERROR;
				GCC_WARN_UNDECLARED_SELECTOR = YES;
				GCC_WARN_UNINITIALIZED_AUTOS = YES_AGGRESSIVE;
				GCC_WARN_UNUSED_FUNCTION = YES;
				GCC_WARN_UNUSED_VARIABLE = YES;
				IPHONEOS_DEPLOYMENT_TARGET = 11.4;
				MTL_ENABLE_DEBUG_INFO = YES;
				ONLY_ACTIVE_ARCH = YES;
				SDKROOT = iphoneos;
				SWIFT_ACTIVE_COMPILATION_CONDITIONS = DEBUG;
				SWIFT_OPTIMIZATION_LEVEL = "-Onone";
			};
			name = Debug;
		};
		253D1D6A21C73BFD00C754D5 /* Release */ = {
			isa = XCBuildConfiguration;
			buildSettings = {
				ALWAYS_SEARCH_USER_PATHS = NO;
				CLANG_ANALYZER_NONNULL = YES;
				CLANG_ANALYZER_NUMBER_OBJECT_CONVERSION = YES_AGGRESSIVE;
				CLANG_CXX_LANGUAGE_STANDARD = "gnu++14";
				CLANG_CXX_LIBRARY = "libc++";
				CLANG_ENABLE_MODULES = YES;
				CLANG_ENABLE_OBJC_ARC = YES;
				CLANG_ENABLE_OBJC_WEAK = YES;
				CLANG_WARN_BLOCK_CAPTURE_AUTORELEASING = YES;
				CLANG_WARN_BOOL_CONVERSION = YES;
				CLANG_WARN_COMMA = YES;
				CLANG_WARN_CONSTANT_CONVERSION = YES;
				CLANG_WARN_DEPRECATED_OBJC_IMPLEMENTATIONS = YES;
				CLANG_WARN_DIRECT_OBJC_ISA_USAGE = YES_ERROR;
				CLANG_WARN_DOCUMENTATION_COMMENTS = YES;
				CLANG_WARN_EMPTY_BODY = YES;
				CLANG_WARN_ENUM_CONVERSION = YES;
				CLANG_WARN_INFINITE_RECURSION = YES;
				CLANG_WARN_INT_CONVERSION = YES;
				CLANG_WARN_NON_LITERAL_NULL_CONVERSION = YES;
				CLANG_WARN_OBJC_IMPLICIT_RETAIN_SELF = YES;
				CLANG_WARN_OBJC_LITERAL_CONVERSION = YES;
				CLANG_WARN_OBJC_ROOT_CLASS = YES_ERROR;
				CLANG_WARN_RANGE_LOOP_ANALYSIS = YES;
				CLANG_WARN_STRICT_PROTOTYPES = YES;
				CLANG_WARN_SUSPICIOUS_MOVE = YES;
				CLANG_WARN_UNGUARDED_AVAILABILITY = YES_AGGRESSIVE;
				CLANG_WARN_UNREACHABLE_CODE = YES;
				CLANG_WARN__DUPLICATE_METHOD_MATCH = YES;
				CODE_SIGN_IDENTITY = "iPhone Developer";
				COPY_PHASE_STRIP = NO;
				DEBUG_INFORMATION_FORMAT = "dwarf-with-dsym";
				ENABLE_NS_ASSERTIONS = NO;
				ENABLE_STRICT_OBJC_MSGSEND = YES;
				GCC_C_LANGUAGE_STANDARD = gnu11;
				GCC_NO_COMMON_BLOCKS = YES;
				GCC_WARN_64_TO_32_BIT_CONVERSION = YES;
				GCC_WARN_ABOUT_RETURN_TYPE = YES_ERROR;
				GCC_WARN_UNDECLARED_SELECTOR = YES;
				GCC_WARN_UNINITIALIZED_AUTOS = YES_AGGRESSIVE;
				GCC_WARN_UNUSED_FUNCTION = YES;
				GCC_WARN_UNUSED_VARIABLE = YES;
				IPHONEOS_DEPLOYMENT_TARGET = 11.4;
				MTL_ENABLE_DEBUG_INFO = NO;
				SDKROOT = iphoneos;
				SWIFT_COMPILATION_MODE = wholemodule;
				SWIFT_OPTIMIZATION_LEVEL = "-O";
				VALIDATE_PRODUCT = YES;
			};
			name = Release;
		};
		253D1D6C21C73BFD00C754D5 /* Debug */ = {
			isa = XCBuildConfiguration;
			buildSettings = {
				ASSETCATALOG_COMPILER_APPICON_NAME = AppIcon;
				CODE_SIGN_STYLE = Automatic;
				INFOPLIST_FILE = RecordScreen/Info.plist;
				LD_RUNPATH_SEARCH_PATHS = (
					"$(inherited)",
					"@executable_path/Frameworks",
				);
				PRODUCT_BUNDLE_IDENTIFIER = com.LTT.RecordScreen;
				PRODUCT_NAME = "$(TARGET_NAME)";
				SWIFT_VERSION = 4.0;
				TARGETED_DEVICE_FAMILY = "1,2";
			};
			name = Debug;
		};
		253D1D6D21C73BFD00C754D5 /* Release */ = {
			isa = XCBuildConfiguration;
			buildSettings = {
				ASSETCATALOG_COMPILER_APPICON_NAME = AppIcon;
				CODE_SIGN_STYLE = Automatic;
				INFOPLIST_FILE = RecordScreen/Info.plist;
				LD_RUNPATH_SEARCH_PATHS = (
					"$(inherited)",
					"@executable_path/Frameworks",
				);
				PRODUCT_BUNDLE_IDENTIFIER = com.LTT.RecordScreen;
				PRODUCT_NAME = "$(TARGET_NAME)";
				SWIFT_VERSION = 4.0;
				TARGETED_DEVICE_FAMILY = "1,2";
			};
			name = Release;
		};
/* End XCBuildConfiguration section */

/* Begin XCConfigurationList section */
		253D1D5421C73BFC00C754D5 /* Build configuration list for PBXProject "RecordScreen" */ = {
			isa = XCConfigurationList;
			buildConfigurations = (
				253D1D6921C73BFD00C754D5 /* Debug */,
				253D1D6A21C73BFD00C754D5 /* Release */,
			);
			defaultConfigurationIsVisible = 0;
			defaultConfigurationName = Release;
		};
		253D1D6B21C73BFD00C754D5 /* Build configuration list for PBXNativeTarget "RecordScreen" */ = {
			isa = XCConfigurationList;
			buildConfigurations = (
				253D1D6C21C73BFD00C754D5 /* Debug */,
				253D1D6D21C73BFD00C754D5 /* Release */,
			);
			defaultConfigurationIsVisible = 0;
			defaultConfigurationName = Release;
		};
/* End XCConfigurationList section */
	};
	rootObject = 253D1D5121C73BFC00C754D5 /* Project object */;
}
